# This file is automatically @generated by Poetry 1.5.1 and should not be changed by hand.

[[package]]
name = "asgiref"
version = "3.7.2"
description = "ASGI specs, helper code, and adapters"
optional = false
python-versions = ">=3.7"
files = [
    {file = "asgiref-3.7.2-py3-none-any.whl", hash = "sha256:89b2ef2247e3b562a16eef663bc0e2e703ec6468e2fa8a5cd61cd449786d4f6e"},
    {file = "asgiref-3.7.2.tar.gz", hash = "sha256:9e0ce3aa93a819ba5b45120216b23878cf6e8525eb3848653452b4192b92afed"},
]

[package.extras]
tests = ["mypy (>=0.800)", "pytest", "pytest-asyncio"]

[[package]]
name = "django"
version = "4.2.2"
description = "A high-level Python web framework that encourages rapid development and clean, pragmatic design."
optional = false
python-versions = ">=3.8"
files = [
    {file = "Django-4.2.2-py3-none-any.whl", hash = "sha256:672b3fa81e1f853bb58be1b51754108ab4ffa12a77c06db86aa8df9ed0c46fe5"},
    {file = "Django-4.2.2.tar.gz", hash = "sha256:2a6b6fbff5b59dd07bef10bcb019bee2ea97a30b2a656d51346596724324badf"},
]

[package.dependencies]
asgiref = ">=3.6.0,<4"
sqlparse = ">=0.3.1"
tzdata = {version = "*", markers = "sys_platform == \"win32\""}

[package.extras]
argon2 = ["argon2-cffi (>=19.1.0)"]
bcrypt = ["bcrypt"]

[[package]]
name = "nh3"
version = "0.2.13"
description = "Ammonia HTML sanitizer Python binding"
optional = false
python-versions = "*"
files = [
    {file = "nh3-0.2.13-cp37-abi3-macosx_10_7_x86_64.whl", hash = "sha256:9d86d0476177ebdbbd9ae879449173333452fd9810e9bdd55540b21d650cda5a"},
    {file = "nh3-0.2.13-cp37-abi3-macosx_10_9_x86_64.macosx_11_0_arm64.macosx_10_9_universal2.whl", hash = "sha256:4f508411b380465943ba197cef76f5b6ce0995b7251315fb44bc63a6921faf14"},
    {file = "nh3-0.2.13-cp37-abi3-manylinux_2_17_aarch64.manylinux2014_aarch64.whl", hash = "sha256:63abfac340110f4b5281a24aba3083ca8010b22d8b451c2b730655398a4d9e6a"},
    {file = "nh3-0.2.13-cp37-abi3-manylinux_2_17_armv7l.manylinux2014_armv7l.whl", hash = "sha256:09a67c3405495af52bf62a47e7881c3e7378f6d664dc89cd0da5643bfda65483"},
    {file = "nh3-0.2.13-cp37-abi3-manylinux_2_17_ppc64.manylinux2014_ppc64.whl", hash = "sha256:43c76836bce8cfc5a59ab6f8b51c421e89d19408f31cd216bd76ba362f341301"},
    {file = "nh3-0.2.13-cp37-abi3-manylinux_2_17_ppc64le.manylinux2014_ppc64le.whl", hash = "sha256:5c9d7d8cab927e12988cfcedea1415c013edb476b6d036dd97c5c58b4704c19b"},
    {file = "nh3-0.2.13-cp37-abi3-manylinux_2_17_s390x.manylinux2014_s390x.whl", hash = "sha256:94fae4130ab69f42e65d49bad695e147a48ae01834cc84498c7dc88bc55341e7"},
    {file = "nh3-0.2.13-cp37-abi3-manylinux_2_17_x86_64.manylinux2014_x86_64.whl", hash = "sha256:0f041f8e9d2d0a0898cc216fe2519ae1bdcb5724a1d36f02c0c3a49b5efac7a4"},
    {file = "nh3-0.2.13-cp37-abi3-manylinux_2_5_i686.manylinux1_i686.whl", hash = "sha256:27d6f6b2265579520fc860ca81a4f1be118ce512c9172bf78fb56d799c3ac196"},
    {file = "nh3-0.2.13-cp37-abi3-win32.whl", hash = "sha256:08142a23db63c3f43f33feda14e9b48782a13ced3c6b7e84cf7242b298f9214d"},
    {file = "nh3-0.2.13-cp37-abi3-win_amd64.whl", hash = "sha256:3eb8e3b4dbf138e8dcdffc8f40926661fe2e08317b8b79277c66a78f58f37454"},
    {file = "nh3-0.2.13.tar.gz", hash = "sha256:ec6a841795b129bcee1eda73feeb8e7f5f83a354979d3719fb77f3da60f6fa96"},
]

[[package]]
name = "pypandoc"
version = "1.11"
description = "Thin wrapper for pandoc."
optional = false
python-versions = ">=3.6"
files = [
    {file = "pypandoc-1.11-py3-none-any.whl", hash = "sha256:b260596934e9cfc6513056110a7c8600171d414f90558bf4407e68b209be8007"},
    {file = "pypandoc-1.11.tar.gz", hash = "sha256:7f6d68db0e57e0f6961bec2190897118c4d305fc2d31c22cd16037f22ee084a5"},
]

[[package]]
name = "sqlparse"
version = "0.4.4"
description = "A non-validating SQL parser."
optional = false
python-versions = ">=3.5"
files = [
    {file = "sqlparse-0.4.4-py3-none-any.whl", hash = "sha256:5430a4fe2ac7d0f93e66f1efc6e1338a41884b7ddf2a350cedd20ccc4d9d28f3"},
    {file = "sqlparse-0.4.4.tar.gz", hash = "sha256:d446183e84b8349fa3061f0fe7f06ca94ba65b426946ffebe6e3e8295332420c"},
]

[package.extras]
dev = ["build", "flake8"]
doc = ["sphinx"]
test = ["pytest", "pytest-cov"]

[[package]]
name = "tzdata"
version = "2023.3"
description = "Provider of IANA time zone data"
optional = false
python-versions = ">=2"
files = [
    {file = "tzdata-2023.3-py2.py3-none-any.whl", hash = "sha256:7e65763eef3120314099b6939b5546db7adce1e7d6f2e179e3df563c70511eda"},
    {file = "tzdata-2023.3.tar.gz", hash = "sha256:11ef1e08e54acb0d4f95bdb1be05da659673de4acbd21bf9c69e94cc5e907a3a"},
]

[metadata]
lock-version = "2.0"
python-versions = "^3.11"
content-hash = "f2cf1c25ab48f375aed267c773d6c73ef4974e0419718f289acd269c421263f9"
